{
    "version": 3,
    "terraform_version": "0.10.7",
    "serial": 8,
    "lineage": "f62159d5-d0f9-4014-98ea-0c6a6474e061",
    "modules": [
        {
            "path": [
                "root"
            ],
            "outputs": {
                "ecs_security_group": {
                    "sensitive": false,
                    "type": "string",
                    "value": "sg-b9fa6fc4"
                },
                "subnets": {
                    "sensitive": false,
                    "type": "list",
                    "value": [
                        "subnet-4b6cdf03",
                        "subnet-dab92bbc"
                    ]
                },
                "vpc_id": {
                    "sensitive": false,
                    "type": "string",
                    "value": "vpc-e02c6386"
                }
            },
            "resources": {
                "aws_alb.load_balancer": {
                    "type": "aws_alb",
                    "depends_on": [
                        "aws_security_group.alb",
                        "aws_subnet.subnets.*"
                    ],
                    "primary": {
                        "id": "arn:aws:elasticloadbalancing:us-west-2:842337631775:loadbalancer/app/1s-demo-load-balancer/aeec8101f8e807b9",
                        "attributes": {
                            "access_logs.#": "0",
                            "arn": "arn:aws:elasticloadbalancing:us-west-2:842337631775:loadbalancer/app/1s-demo-load-balancer/aeec8101f8e807b9",
                            "arn_suffix": "app/1s-demo-load-balancer/aeec8101f8e807b9",
                            "dns_name": "1s-demo-load-balancer-458815705.us-west-2.elb.amazonaws.com",
                            "enable_deletion_protection": "false",
                            "id": "arn:aws:elasticloadbalancing:us-west-2:842337631775:loadbalancer/app/1s-demo-load-balancer/aeec8101f8e807b9",
                            "idle_timeout": "60",
                            "internal": "false",
                            "ip_address_type": "ipv4",
                            "name": "1s-demo-load-balancer",
                            "security_groups.#": "1",
                            "security_groups.2948992069": "sg-cce772b1",
                            "subnets.#": "2",
                            "subnets.2919321440": "subnet-dab92bbc",
                            "subnets.637185328": "subnet-4b6cdf03",
                            "tags.%": "1",
                            "tags.Name": "1S_Big_Data_Streaming ALB",
                            "vpc_id": "vpc-e02c6386",
                            "zone_id": "Z1H1FL5HABSF5"
                        },
                        "meta": {
                            "e2bfb730-ecaa-11e6-8f88-34363bc7c4c0": {
                                "create": 600000000000,
                                "delete": 600000000000,
                                "update": 600000000000
                            }
                        },
                        "tainted": false
                    },
                    "deposed": [],
                    "provider": ""
                },
                "aws_alb_listener.front_end": {
                    "type": "aws_alb_listener",
                    "depends_on": [
                        "aws_alb.load_balancer",
                        "aws_alb_target_group.ecs_targets"
                    ],
                    "primary": {
                        "id": "arn:aws:elasticloadbalancing:us-west-2:842337631775:listener/app/1s-demo-load-balancer/aeec8101f8e807b9/325f0d85486ddad8",
                        "attributes": {
                            "arn": "arn:aws:elasticloadbalancing:us-west-2:842337631775:listener/app/1s-demo-load-balancer/aeec8101f8e807b9/325f0d85486ddad8",
                            "default_action.#": "1",
                            "default_action.0.target_group_arn": "arn:aws:elasticloadbalancing:us-west-2:842337631775:targetgroup/1S-Big-Data-Streaming-tg/73401dd5441d3eaf",
                            "default_action.0.type": "forward",
                            "id": "arn:aws:elasticloadbalancing:us-west-2:842337631775:listener/app/1s-demo-load-balancer/aeec8101f8e807b9/325f0d85486ddad8",
                            "load_balancer_arn": "arn:aws:elasticloadbalancing:us-west-2:842337631775:loadbalancer/app/1s-demo-load-balancer/aeec8101f8e807b9",
                            "port": "80",
                            "protocol": "HTTP",
                            "ssl_policy": ""
                        },
                        "meta": {},
                        "tainted": false
                    },
                    "deposed": [],
                    "provider": ""
                },
                "aws_alb_target_group.ecs_targets": {
                    "type": "aws_alb_target_group",
                    "depends_on": [
                        "aws_vpc.vpc"
                    ],
                    "primary": {
                        "id": "arn:aws:elasticloadbalancing:us-west-2:842337631775:targetgroup/1S-Big-Data-Streaming-tg/73401dd5441d3eaf",
                        "attributes": {
                            "arn": "arn:aws:elasticloadbalancing:us-west-2:842337631775:targetgroup/1S-Big-Data-Streaming-tg/73401dd5441d3eaf",
                            "arn_suffix": "targetgroup/1S-Big-Data-Streaming-tg/73401dd5441d3eaf",
                            "deregistration_delay": "300",
                            "health_check.#": "1",
                            "health_check.0.healthy_threshold": "5",
                            "health_check.0.interval": "30",
                            "health_check.0.matcher": "200",
                            "health_check.0.path": "/",
                            "health_check.0.port": "traffic-port",
                            "health_check.0.protocol": "HTTP",
                            "health_check.0.timeout": "5",
                            "health_check.0.unhealthy_threshold": "2",
                            "id": "arn:aws:elasticloadbalancing:us-west-2:842337631775:targetgroup/1S-Big-Data-Streaming-tg/73401dd5441d3eaf",
                            "name": "1S-Big-Data-Streaming-tg",
                            "port": "80",
                            "protocol": "HTTP",
                            "stickiness.#": "1",
                            "stickiness.0.cookie_duration": "86400",
                            "stickiness.0.enabled": "false",
                            "stickiness.0.type": "lb_cookie",
                            "tags.%": "0",
                            "vpc_id": "vpc-e02c6386"
                        },
                        "meta": {},
                        "tainted": false
                    },
                    "deposed": [],
                    "provider": ""
                },
                "aws_autoscaling_group.ecs_asg": {
                    "type": "aws_autoscaling_group",
                    "depends_on": [
                        "aws_launch_configuration.launch_config",
                        "aws_subnet.subnets",
                        "aws_subnet.subnets.*"
                    ],
                    "primary": {
                        "id": "1S_Big_Data_Streaming_asg",
                        "attributes": {
                            "arn": "arn:aws:autoscaling:us-west-2:842337631775:autoScalingGroup:90cf4ebe-bd73-48be-9965-cd62d5c4151c:autoScalingGroupName/1S_Big_Data_Streaming_asg",
                            "availability_zones.#": "2",
                            "availability_zones.221770259": "us-west-2b",
                            "availability_zones.2487133097": "us-west-2a",
                            "default_cooldown": "300",
                            "desired_capacity": "2",
                            "force_delete": "true",
                            "health_check_grace_period": "300",
                            "health_check_type": "EC2",
                            "id": "1S_Big_Data_Streaming_asg",
                            "launch_configuration": "1S_Big_Data_Streaming_launch_config_20171013222846397300000001",
                            "load_balancers.#": "0",
                            "max_size": "3",
                            "metrics_granularity": "1Minute",
                            "min_size": "1",
                            "name": "1S_Big_Data_Streaming_asg",
                            "placement_group": "",
                            "protect_from_scale_in": "false",
                            "suspended_processes.#": "0",
                            "tag.#": "1",
                            "tag.105377411.key": "Name",
                            "tag.105377411.propagate_at_launch": "true",
                            "tag.105377411.value": "1S_Big_Data_Streaming Instance",
                            "target_group_arns.#": "0",
                            "termination_policies.#": "0",
                            "vpc_zone_identifier.#": "2",
                            "vpc_zone_identifier.2919321440": "subnet-dab92bbc",
                            "vpc_zone_identifier.637185328": "subnet-4b6cdf03",
                            "wait_for_capacity_timeout": "10m"
                        },
                        "meta": {
                            "e2bfb730-ecaa-11e6-8f88-34363bc7c4c0": {
                                "delete": 600000000000
                            }
                        },
                        "tainted": false
                    },
                    "deposed": [],
                    "provider": ""
                },
                "aws_default_route_table.routes": {
                    "type": "aws_default_route_table",
                    "depends_on": [
                        "aws_internet_gateway.gw",
                        "aws_vpc.vpc"
                    ],
                    "primary": {
                        "id": "rtb-97d468ee",
                        "attributes": {
                            "default_route_table_id": "rtb-97d468ee",
                            "id": "rtb-97d468ee",
                            "propagating_vgws.#": "0",
                            "route.#": "1",
                            "route.1125365802.cidr_block": "10.0.0.0/0",
                            "route.1125365802.egress_only_gateway_id": "",
                            "route.1125365802.gateway_id": "igw-a82b71cf",
                            "route.1125365802.instance_id": "",
                            "route.1125365802.ipv6_cidr_block": "",
                            "route.1125365802.nat_gateway_id": "",
                            "route.1125365802.network_interface_id": "",
                            "route.1125365802.vpc_peering_connection_id": "",
                            "tags.%": "1",
                            "tags.Name": "1S_Big_Data_Streaming Route Table",
                            "vpc_id": "vpc-e02c6386"
                        },
                        "meta": {},
                        "tainted": false
                    },
                    "deposed": [],
                    "provider": ""
                },
                "aws_ecs_cluster.cluster": {
                    "type": "aws_ecs_cluster",
                    "depends_on": [],
                    "primary": {
                        "id": "arn:aws:ecs:us-west-2:842337631775:cluster/1S-Big-Data-Streaming",
                        "attributes": {
                            "id": "arn:aws:ecs:us-west-2:842337631775:cluster/1S-Big-Data-Streaming",
                            "name": "1S-Big-Data-Streaming"
                        },
                        "meta": {},
                        "tainted": false
                    },
                    "deposed": [],
                    "provider": ""
                },
                "aws_ecs_service.service": {
                    "type": "aws_ecs_service",
                    "depends_on": [
                        "aws_alb_target_group.ecs_targets",
                        "aws_autoscaling_group.ecs_asg",
                        "aws_ecs_cluster.cluster",
                        "aws_ecs_task_definition.task_def",
                        "aws_iam_instance_profile.ecs_instance_profile",
                        "aws_iam_role.service_role"
                    ],
                    "primary": {
                        "id": "arn:aws:ecs:us-west-2:842337631775:service/1S_Big_Data_Streaming",
                        "attributes": {
                            "cluster": "arn:aws:ecs:us-west-2:842337631775:cluster/1S-Big-Data-Streaming",
                            "deployment_maximum_percent": "200",
                            "deployment_minimum_healthy_percent": "100",
                            "desired_count": "2",
                            "iam_role": "arn:aws:iam::842337631775:role/1S_Big_Data_Streaming_service_role",
                            "id": "arn:aws:ecs:us-west-2:842337631775:service/1S_Big_Data_Streaming",
                            "load_balancer.#": "1",
                            "load_balancer.261174771.container_name": "1S_Big_Data_Streaming_container",
                            "load_balancer.261174771.container_port": "80",
                            "load_balancer.261174771.elb_name": "",
                            "load_balancer.261174771.target_group_arn": "arn:aws:elasticloadbalancing:us-west-2:842337631775:targetgroup/1S-Big-Data-Streaming-tg/73401dd5441d3eaf",
                            "name": "1S_Big_Data_Streaming",
                            "placement_constraints.#": "0",
                            "placement_strategy.#": "1",
                            "placement_strategy.2224589570.field": "memory",
                            "placement_strategy.2224589570.type": "binpack",
                            "task_definition": "arn:aws:ecs:us-west-2:842337631775:task-definition/1S_Big_Data_Streaming_task:2"
                        },
                        "meta": {},
                        "tainted": false
                    },
                    "deposed": [],
                    "provider": ""
                },
                "aws_ecs_task_definition.task_def": {
                    "type": "aws_ecs_task_definition",
                    "depends_on": [],
                    "primary": {
                        "id": "1S_Big_Data_Streaming_task",
                        "attributes": {
                            "arn": "arn:aws:ecs:us-west-2:842337631775:task-definition/1S_Big_Data_Streaming_task:2",
                            "container_definitions": "d7fbf0d061aa2ff61ab0bc02ca7973afc0894ad8",
                            "family": "1S_Big_Data_Streaming_task",
                            "id": "1S_Big_Data_Streaming_task",
                            "network_mode": "",
                            "placement_constraints.#": "0",
                            "revision": "2",
                            "task_role_arn": ""
                        },
                        "meta": {},
                        "tainted": false
                    },
                    "deposed": [],
                    "provider": ""
                },
                "aws_iam_instance_profile.ecs_instance_profile": {
                    "type": "aws_iam_instance_profile",
                    "depends_on": [
                        "aws_iam_role.instance_role"
                    ],
                    "primary": {
                        "id": "1S_Big_Data_Streaming_instance_profile",
                        "attributes": {
                            "arn": "arn:aws:iam::842337631775:instance-profile/1S_Big_Data_Streaming_instance_profile",
                            "id": "1S_Big_Data_Streaming_instance_profile",
                            "name": "1S_Big_Data_Streaming_instance_profile",
                            "path": "/",
                            "role": "1S_Big_Data_Streaming_instance_role",
                            "roles.#": "1",
                            "roles.1112546279": "1S_Big_Data_Streaming_instance_role",
                            "unique_id": "AIPAI3NCL7QKKDBTTFQVC"
                        },
                        "meta": {},
                        "tainted": false
                    },
                    "deposed": [],
                    "provider": ""
                },
                "aws_iam_role.instance_role": {
                    "type": "aws_iam_role",
                    "depends_on": [],
                    "primary": {
                        "id": "1S_Big_Data_Streaming_instance_role",
                        "attributes": {
                            "arn": "arn:aws:iam::842337631775:role/1S_Big_Data_Streaming_instance_role",
                            "assume_role_policy": "{\"Version\":\"2008-10-17\",\"Statement\":[{\"Sid\":\"\",\"Effect\":\"Allow\",\"Principal\":{\"Service\":\"ec2.amazonaws.com\"},\"Action\":\"sts:AssumeRole\"}]}",
                            "create_date": "2017-10-13T22:28:41Z",
                            "force_detach_policies": "false",
                            "id": "1S_Big_Data_Streaming_instance_role",
                            "name": "1S_Big_Data_Streaming_instance_role",
                            "path": "/",
                            "unique_id": "AROAJX76PH3AYOBDXZDBY"
                        },
                        "meta": {},
                        "tainted": false
                    },
                    "deposed": [],
                    "provider": ""
                },
                "aws_iam_role.service_role": {
                    "type": "aws_iam_role",
                    "depends_on": [],
                    "primary": {
                        "id": "1S_Big_Data_Streaming_service_role",
                        "attributes": {
                            "arn": "arn:aws:iam::842337631775:role/1S_Big_Data_Streaming_service_role",
                            "assume_role_policy": "{\"Version\":\"2008-10-17\",\"Statement\":[{\"Sid\":\"\",\"Effect\":\"Allow\",\"Principal\":{\"Service\":\"ecs.amazonaws.com\"},\"Action\":\"sts:AssumeRole\"}]}",
                            "create_date": "2017-10-13T22:28:41Z",
                            "force_detach_policies": "false",
                            "id": "1S_Big_Data_Streaming_service_role",
                            "name": "1S_Big_Data_Streaming_service_role",
                            "path": "/",
                            "unique_id": "AROAJMJAAR6PMNVF7XGFA"
                        },
                        "meta": {},
                        "tainted": false
                    },
                    "deposed": [],
                    "provider": ""
                },
                "aws_iam_role.task_role": {
                    "type": "aws_iam_role",
                    "depends_on": [],
                    "primary": {
                        "id": "1S_Big_Data_Streaming_task_role",
                        "attributes": {
                            "arn": "arn:aws:iam::842337631775:role/1S_Big_Data_Streaming_task_role",
                            "assume_role_policy": "{\"Version\":\"2008-10-17\",\"Statement\":[{\"Sid\":\"\",\"Effect\":\"Allow\",\"Principal\":{\"Service\":\"ecs.amazonaws.com\"},\"Action\":\"sts:AssumeRole\"}]}",
                            "create_date": "2017-10-13T22:28:41Z",
                            "force_detach_policies": "false",
                            "id": "1S_Big_Data_Streaming_task_role",
                            "name": "1S_Big_Data_Streaming_task_role",
                            "path": "/",
                            "unique_id": "AROAJPBXU6GLOPLPDE2TY"
                        },
                        "meta": {},
                        "tainted": false
                    },
                    "deposed": [],
                    "provider": ""
                },
                "aws_iam_role_policy.instance_role_policy": {
                    "type": "aws_iam_role_policy",
                    "depends_on": [
                        "aws_iam_role.instance_role"
                    ],
                    "primary": {
                        "id": "1S_Big_Data_Streaming_instance_role:1S_Big_Data_Streaming_instance_role_policy",
                        "attributes": {
                            "id": "1S_Big_Data_Streaming_instance_role:1S_Big_Data_Streaming_instance_role_policy",
                            "name": "1S_Big_Data_Streaming_instance_role_policy",
                            "policy": "{\n  \"Version\": \"2012-10-17\",\n  \"Statement\": [\n    {\n      \"Effect\": \"Allow\",\n      \"Action\": [\n          \"ecr:BatchCheckLayerAvailability\",\n          \"ecr:BatchGetImage\",\n          \"ecr:GetAuthorizationToken\",\n          \"ecr:GetDownloadUrlForLayer\",\n          \"ecs:CreateCluster\",\n          \"ecs:DeregisterContainerInstance\",\n          \"ecs:DiscoverPollEndpoint\",\n          \"ecs:Poll\",\n          \"ecs:RegisterContainerInstance\",\n          \"ecs:StartTelemetrySession\",\n          \"ecs:Submit*\",\n          \"ecs:UpdateContainerInstancesState\",\n          \"logs:CreateLogStream\",\n          \"logs:PutLogEvents\"\n      ],\n      \"Resource\": \"*\"\n    }\n  ]\n}\n",
                            "role": "1S_Big_Data_Streaming_instance_role"
                        },
                        "meta": {},
                        "tainted": false
                    },
                    "deposed": [],
                    "provider": ""
                },
                "aws_iam_role_policy.service_policy": {
                    "type": "aws_iam_role_policy",
                    "depends_on": [
                        "aws_iam_role.service_role"
                    ],
                    "primary": {
                        "id": "1S_Big_Data_Streaming_service_role:1S_Big_Data_Streaming_service_policy",
                        "attributes": {
                            "id": "1S_Big_Data_Streaming_service_role:1S_Big_Data_Streaming_service_policy",
                            "name": "1S_Big_Data_Streaming_service_policy",
                            "policy": "{\n  \"Version\": \"2012-10-17\",\n  \"Statement\": [\n    {\n      \"Effect\": \"Allow\",\n      \"Action\": [\n        \"ec2:AuthorizeSecurityGroupIngress\",\n        \"ec2:Describe*\",\n        \"elasticloadbalancing:DeregisterInstancesFromLoadBalancer\",\n        \"elasticloadbalancing:DeregisterTargets\",\n        \"elasticloadbalancing:Describe*\",\n        \"elasticloadbalancing:RegisterInstancesWithLoadBalancer\",\n        \"elasticloadbalancing:RegisterTargets\"\n      ],\n      \"Resource\": \"*\"\n    }\n  ]\n}\n",
                            "role": "1S_Big_Data_Streaming_service_role"
                        },
                        "meta": {},
                        "tainted": false
                    },
                    "deposed": [],
                    "provider": ""
                },
                "aws_iam_role_policy.task_policy": {
                    "type": "aws_iam_role_policy",
                    "depends_on": [
                        "aws_iam_role.task_role"
                    ],
                    "primary": {
                        "id": "1S_Big_Data_Streaming_task_role:1S_Big_Data_Streaming_task_policy",
                        "attributes": {
                            "id": "1S_Big_Data_Streaming_task_role:1S_Big_Data_Streaming_task_policy",
                            "name": "1S_Big_Data_Streaming_task_policy",
                            "policy": "{\n  \"Version\": \"2012-10-17\",\n  \"Statement\": [\n    {\n      \"Effect\": \"Allow\",\n      \"Action\": [\n        \"kinesis:*\"\n      ],\n      \"Resource\": \"*\"\n    }\n  ]\n}\n",
                            "role": "1S_Big_Data_Streaming_task_role"
                        },
                        "meta": {},
                        "tainted": false
                    },
                    "deposed": [],
                    "provider": ""
                },
                "aws_internet_gateway.gw": {
                    "type": "aws_internet_gateway",
                    "depends_on": [
                        "aws_vpc.vpc"
                    ],
                    "primary": {
                        "id": "igw-a82b71cf",
                        "attributes": {
                            "id": "igw-a82b71cf",
                            "tags.%": "1",
                            "tags.Name": "1S_Big_Data_Streaming Gateway",
                            "vpc_id": "vpc-e02c6386"
                        },
                        "meta": {},
                        "tainted": false
                    },
                    "deposed": [],
                    "provider": ""
                },
                "aws_launch_configuration.launch_config": {
                    "type": "aws_launch_configuration",
                    "depends_on": [
                        "aws_iam_instance_profile.ecs_instance_profile",
                        "aws_security_group.ecs"
                    ],
                    "primary": {
                        "id": "1S_Big_Data_Streaming_launch_config_20171013222846397300000001",
                        "attributes": {
                            "associate_public_ip_address": "false",
                            "ebs_block_device.#": "0",
                            "ebs_optimized": "false",
                            "enable_monitoring": "true",
                            "ephemeral_block_device.#": "0",
                            "iam_instance_profile": "1S_Big_Data_Streaming_instance_profile",
                            "id": "1S_Big_Data_Streaming_launch_config_20171013222846397300000001",
                            "image_id": "ami-29f80351",
                            "instance_type": "t2.micro",
                            "key_name": "ragraves_key",
                            "name": "1S_Big_Data_Streaming_launch_config_20171013222846397300000001",
                            "name_prefix": "1S_Big_Data_Streaming_launch_config_",
                            "root_block_device.#": "0",
                            "security_groups.#": "1",
                            "security_groups.1870059040": "sg-b9fa6fc4",
                            "spot_price": "",
                            "user_data": "2082f3df9eb392e903596c298ea79c4f22e408a4",
                            "vpc_classic_link_id": "",
                            "vpc_classic_link_security_groups.#": "0"
                        },
                        "meta": {},
                        "tainted": false
                    },
                    "deposed": [],
                    "provider": ""
                },
                "aws_route_table_association.public-a": {
                    "type": "aws_route_table_association",
                    "depends_on": [
                        "aws_default_route_table.routes",
                        "aws_subnet.subnets"
                    ],
                    "primary": {
                        "id": "rtbassoc-3362304b",
                        "attributes": {
                            "id": "rtbassoc-3362304b",
                            "route_table_id": "rtb-97d468ee",
                            "subnet_id": "subnet-4b6cdf03"
                        },
                        "meta": {},
                        "tainted": false
                    },
                    "deposed": [],
                    "provider": ""
                },
                "aws_route_table_association.public-b": {
                    "type": "aws_route_table_association",
                    "depends_on": [
                        "aws_default_route_table.routes",
                        "aws_subnet.subnets.1"
                    ],
                    "primary": {
                        "id": "rtbassoc-bb7c2ec3",
                        "attributes": {
                            "id": "rtbassoc-bb7c2ec3",
                            "route_table_id": "rtb-97d468ee",
                            "subnet_id": "subnet-dab92bbc"
                        },
                        "meta": {},
                        "tainted": false
                    },
                    "deposed": [],
                    "provider": ""
                },
                "aws_security_group.alb": {
                    "type": "aws_security_group",
                    "depends_on": [
                        "aws_vpc.vpc"
                    ],
                    "primary": {
                        "id": "sg-cce772b1",
                        "attributes": {
                            "description": "ALB security group for 1S_Big_Data_Streaming",
                            "egress.#": "1",
                            "egress.482069346.cidr_blocks.#": "1",
                            "egress.482069346.cidr_blocks.0": "0.0.0.0/0",
                            "egress.482069346.from_port": "0",
                            "egress.482069346.ipv6_cidr_blocks.#": "0",
                            "egress.482069346.prefix_list_ids.#": "0",
                            "egress.482069346.protocol": "-1",
                            "egress.482069346.security_groups.#": "0",
                            "egress.482069346.self": "false",
                            "egress.482069346.to_port": "0",
                            "id": "sg-cce772b1",
                            "ingress.#": "2",
                            "ingress.2214680975.cidr_blocks.#": "1",
                            "ingress.2214680975.cidr_blocks.0": "0.0.0.0/0",
                            "ingress.2214680975.from_port": "80",
                            "ingress.2214680975.ipv6_cidr_blocks.#": "0",
                            "ingress.2214680975.protocol": "tcp",
                            "ingress.2214680975.security_groups.#": "0",
                            "ingress.2214680975.self": "false",
                            "ingress.2214680975.to_port": "80",
                            "ingress.2998203866.cidr_blocks.#": "0",
                            "ingress.2998203866.from_port": "0",
                            "ingress.2998203866.ipv6_cidr_blocks.#": "0",
                            "ingress.2998203866.protocol": "-1",
                            "ingress.2998203866.security_groups.#": "1",
                            "ingress.2998203866.security_groups.1870059040": "sg-b9fa6fc4",
                            "ingress.2998203866.self": "false",
                            "ingress.2998203866.to_port": "0",
                            "name": "1S_Big_Data_Streaming_sg_alb",
                            "owner_id": "842337631775",
                            "tags.%": "1",
                            "tags.Name": "1S ECS Demo ALB Security Group",
                            "vpc_id": "vpc-e02c6386"
                        },
                        "meta": {},
                        "tainted": false
                    },
                    "deposed": [],
                    "provider": ""
                },
                "aws_security_group.ecs": {
                    "type": "aws_security_group",
                    "depends_on": [
                        "aws_vpc.vpc"
                    ],
                    "primary": {
                        "id": "sg-b9fa6fc4",
                        "attributes": {
                            "description": "Allows ingress from the app ALB",
                            "egress.#": "1",
                            "egress.482069346.cidr_blocks.#": "1",
                            "egress.482069346.cidr_blocks.0": "0.0.0.0/0",
                            "egress.482069346.from_port": "0",
                            "egress.482069346.ipv6_cidr_blocks.#": "0",
                            "egress.482069346.prefix_list_ids.#": "0",
                            "egress.482069346.protocol": "-1",
                            "egress.482069346.security_groups.#": "0",
                            "egress.482069346.self": "false",
                            "egress.482069346.to_port": "0",
                            "id": "sg-b9fa6fc4",
                            "ingress.#": "0",
                            "name": "1S_Big_Data_Streaming_sg_ecs",
                            "owner_id": "842337631775",
                            "tags.%": "1",
                            "tags.Name": "1S_Big_Data_Streaming ECS Security Group",
                            "vpc_id": "vpc-e02c6386"
                        },
                        "meta": {},
                        "tainted": false
                    },
                    "deposed": [],
                    "provider": ""
                },
                "aws_security_group_rule.alb_egress_rule": {
                    "type": "aws_security_group_rule",
                    "depends_on": [
                        "aws_security_group.alb"
                    ],
                    "primary": {
                        "id": "sgrule-2617817766",
                        "attributes": {
                            "cidr_blocks.#": "1",
                            "cidr_blocks.0": "0.0.0.0/0",
                            "from_port": "0",
                            "id": "sgrule-2617817766",
                            "ipv6_cidr_blocks.#": "0",
                            "prefix_list_ids.#": "0",
                            "protocol": "-1",
                            "security_group_id": "sg-cce772b1",
                            "self": "false",
                            "to_port": "0",
                            "type": "egress"
                        },
                        "meta": {
                            "schema_version": "2"
                        },
                        "tainted": false
                    },
                    "deposed": [],
                    "provider": ""
                },
                "aws_security_group_rule.alb_ingress_rule": {
                    "type": "aws_security_group_rule",
                    "depends_on": [
                        "aws_security_group.alb"
                    ],
                    "primary": {
                        "id": "sgrule-3946967714",
                        "attributes": {
                            "cidr_blocks.#": "1",
                            "cidr_blocks.0": "0.0.0.0/0",
                            "from_port": "80",
                            "id": "sgrule-3946967714",
                            "ipv6_cidr_blocks.#": "0",
                            "prefix_list_ids.#": "0",
                            "protocol": "tcp",
                            "security_group_id": "sg-cce772b1",
                            "self": "false",
                            "to_port": "80",
                            "type": "ingress"
                        },
                        "meta": {
                            "schema_version": "2"
                        },
                        "tainted": false
                    },
                    "deposed": [],
                    "provider": ""
                },
                "aws_security_group_rule.allow_ecs_traffic": {
                    "type": "aws_security_group_rule",
                    "depends_on": [
                        "aws_security_group.alb",
                        "aws_security_group.ecs"
                    ],
                    "primary": {
                        "id": "sgrule-1681702863",
                        "attributes": {
                            "cidr_blocks.#": "0",
                            "from_port": "0",
                            "id": "sgrule-1681702863",
                            "ipv6_cidr_blocks.#": "0",
                            "prefix_list_ids.#": "0",
                            "protocol": "-1",
                            "security_group_id": "sg-cce772b1",
                            "self": "false",
                            "source_security_group_id": "sg-b9fa6fc4",
                            "to_port": "0",
                            "type": "ingress"
                        },
                        "meta": {
                            "schema_version": "2"
                        },
                        "tainted": false
                    },
                    "deposed": [],
                    "provider": ""
                },
                "aws_security_group_rule.ecs_egress_rule": {
                    "type": "aws_security_group_rule",
                    "depends_on": [
                        "aws_security_group.ecs"
                    ],
                    "primary": {
                        "id": "sgrule-552189220",
                        "attributes": {
                            "cidr_blocks.#": "1",
                            "cidr_blocks.0": "0.0.0.0/0",
                            "from_port": "0",
                            "id": "sgrule-552189220",
                            "ipv6_cidr_blocks.#": "0",
                            "prefix_list_ids.#": "0",
                            "protocol": "-1",
                            "security_group_id": "sg-b9fa6fc4",
                            "self": "false",
                            "to_port": "0",
                            "type": "egress"
                        },
                        "meta": {
                            "schema_version": "2"
                        },
                        "tainted": false
                    },
                    "deposed": [],
                    "provider": ""
                },
                "aws_subnet.subnets.0": {
                    "type": "aws_subnet",
                    "depends_on": [
                        "aws_vpc.vpc"
                    ],
                    "primary": {
                        "id": "subnet-4b6cdf03",
                        "attributes": {
                            "assign_ipv6_address_on_creation": "false",
                            "availability_zone": "us-west-2a",
                            "cidr_block": "10.25.0.0/19",
                            "id": "subnet-4b6cdf03",
                            "map_public_ip_on_launch": "true",
                            "tags.%": "1",
                            "tags.Name": "1S_Big_Data_Streaming Subnet",
                            "vpc_id": "vpc-e02c6386"
                        },
                        "meta": {
                            "schema_version": "1"
                        },
                        "tainted": false
                    },
                    "deposed": [],
                    "provider": ""
                },
                "aws_subnet.subnets.1": {
                    "type": "aws_subnet",
                    "depends_on": [
                        "aws_vpc.vpc"
                    ],
                    "primary": {
                        "id": "subnet-dab92bbc",
                        "attributes": {
                            "assign_ipv6_address_on_creation": "false",
                            "availability_zone": "us-west-2b",
                            "cidr_block": "10.25.32.0/19",
                            "id": "subnet-dab92bbc",
                            "map_public_ip_on_launch": "true",
                            "tags.%": "1",
                            "tags.Name": "1S_Big_Data_Streaming Subnet",
                            "vpc_id": "vpc-e02c6386"
                        },
                        "meta": {
                            "schema_version": "1"
                        },
                        "tainted": false
                    },
                    "deposed": [],
                    "provider": ""
                },
                "aws_vpc.vpc": {
                    "type": "aws_vpc",
                    "depends_on": [],
                    "primary": {
                        "id": "vpc-e02c6386",
                        "attributes": {
                            "assign_generated_ipv6_cidr_block": "false",
                            "cidr_block": "10.25.0.0/16",
                            "default_network_acl_id": "acl-ff50bd86",
                            "default_route_table_id": "rtb-97d468ee",
                            "default_security_group_id": "sg-bcfa6fc1",
                            "dhcp_options_id": "dopt-c31e31a6",
                            "enable_classiclink": "false",
                            "enable_classiclink_dns_support": "false",
                            "enable_dns_hostnames": "true",
                            "enable_dns_support": "true",
                            "id": "vpc-e02c6386",
                            "instance_tenancy": "default",
                            "main_route_table_id": "rtb-97d468ee",
                            "tags.%": "1",
                            "tags.Name": "1S_Big_Data_Streaming VPC"
                        },
                        "meta": {
                            "schema_version": "1"
                        },
                        "tainted": false
                    },
                    "deposed": [],
                    "provider": ""
                }
            },
            "depends_on": []
        }
    ]
}
